
Microsoft Visual Studio Solution File, Format Version 12.00
# Visual Studio Version 16
VisualStudioVersion = 16.0.31911.196
MinimumVisualStudioVersion = 10.0.40219.1
Project("{FAE04EC0-301F-11D3-BF4B-00C04F79EFBC}") = "ProjetoElevador_Documentacao", "ProjetoElevador_Documentacao.csproj", "{48D9D8A0-6D21-4622-BA02-1FD7995AD068}"
EndProject
Global
	GlobalSection(SolutionConfigurationPlatforms) = preSolution
		Debug|Any CPU = Debug|Any CPU
		Release|Any CPU = Release|Any CPU
	EndGlobalSection
	GlobalSection(ProjectConfigurationPlatforms) = postSolution
		{48D9D8A0-6D21-4622-BA02-1FD7995AD068}.Debug|Any CPU.ActiveCfg = Debug|Any CPU
		{48D9D8A0-6D21-4622-BA02-1FD7995AD068}.Debug|Any CPU.Build.0 = Debug|Any CPU
		{48D9D8A0-6D21-4622-BA02-1FD7995AD068}.Release|Any CPU.ActiveCfg = Release|Any CPU
		{48D9D8A0-6D21-4622-BA02-1FD7995AD068}.Release|Any CPU.Build.0 = Release|Any CPU
	EndGlobalSection
	GlobalSection(SolutionProperties) = preSolution
		HideSolutionNode = FALSE
	EndGlobalSection
	GlobalSection(ExtensibilityGlobals) = postSolution
		SolutionGuid = {59AEC568-791C-4448-9CBF-A1FAF5947AAF}
	EndGlobalSection
EndGlobal
